// !$*UTF8*$!
{
	archiveVersion = 1;
	classes = {
	};
	objectVersion = 56;
	objects = {

/* Begin PBXBuildFile section */
		D7564FD82B0CF24F00026CBC /* Budgeting_AppApp.swift in Sources */ = {isa = PBXBuildFile; fileRef = D7564FD72B0CF24F00026CBC /* Budgeting_AppApp.swift */; };
		D7564FDA2B0CF24F00026CBC /* ContentView.swift in Sources */ = {isa = PBXBuildFile; fileRef = D7564FD92B0CF24F00026CBC /* ContentView.swift */; };
		D7564FDC2B0CF25000026CBC /* Assets.xcassets in Resources */ = {isa = PBXBuildFile; fileRef = D7564FDB2B0CF25000026CBC /* Assets.xcassets */; };
		D7564FDF2B0CF25000026CBC /* Preview Assets.xcassets in Resources */ = {isa = PBXBuildFile; fileRef = D7564FDE2B0CF25000026CBC /* Preview Assets.xcassets */; };
		D7564FE72B0CF42E00026CBC /* EntriesListView.swift in Sources */ = {isa = PBXBuildFile; fileRef = D7564FE62B0CF42E00026CBC /* EntriesListView.swift */; };
		D7564FE92B0CF43C00026CBC /* AddEntryView.swift in Sources */ = {isa = PBXBuildFile; fileRef = D7564FE82B0CF43C00026CBC /* AddEntryView.swift */; };
		D7564FEB2B0CF4EF00026CBC /* MainView.swift in Sources */ = {isa = PBXBuildFile; fileRef = D7564FEA2B0CF4EF00026CBC /* MainView.swift */; };
		D7564FED2B0CF6E100026CBC /* InsightsView.swift in Sources */ = {isa = PBXBuildFile; fileRef = D7564FEC2B0CF6E100026CBC /* InsightsView.swift */; };
		D7564FEF2B0CF6F800026CBC /* BudgetsView.swift in Sources */ = {isa = PBXBuildFile; fileRef = D7564FEE2B0CF6F700026CBC /* BudgetsView.swift */; };
		D7564FF12B0CF71500026CBC /* SettingsView.swift in Sources */ = {isa = PBXBuildFile; fileRef = D7564FF02B0CF71500026CBC /* SettingsView.swift */; };
		D7564FF32B0D08C600026CBC /* EntryModel.swift in Sources */ = {isa = PBXBuildFile; fileRef = D7564FF22B0D08C600026CBC /* EntryModel.swift */; };
		D7A017412B0ED28E00D32E4D /* EntriesSumView.swift in Sources */ = {isa = PBXBuildFile; fileRef = D7A017402B0ED28E00D32E4D /* EntriesSumView.swift */; };
/* End PBXBuildFile section */

/* Begin PBXFileReference section */
		D7564FD42B0CF24F00026CBC /* Budgeting-App.app */ = {isa = PBXFileReference; explicitFileType = wrapper.application; includeInIndex = 0; path = "Budgeting-App.app"; sourceTree = BUILT_PRODUCTS_DIR; };
		D7564FD72B0CF24F00026CBC /* Budgeting_AppApp.swift */ = {isa = PBXFileReference; lastKnownFileType = sourcecode.swift; path = Budgeting_AppApp.swift; sourceTree = "<group>"; };
		D7564FD92B0CF24F00026CBC /* ContentView.swift */ = {isa = PBXFileReference; lastKnownFileType = sourcecode.swift; path = ContentView.swift; sourceTree = "<group>"; };
		D7564FDB2B0CF25000026CBC /* Assets.xcassets */ = {isa = PBXFileReference; lastKnownFileType = folder.assetcatalog; path = Assets.xcassets; sourceTree = "<group>"; };
		D7564FDE2B0CF25000026CBC /* Preview Assets.xcassets */ = {isa = PBXFileReference; lastKnownFileType = folder.assetcatalog; path = "Preview Assets.xcassets"; sourceTree = "<group>"; };
		D7564FE52B0CF3AD00026CBC /* Info.plist */ = {isa = PBXFileReference; lastKnownFileType = text.plist; path = Info.plist; sourceTree = "<group>"; };
		D7564FE62B0CF42E00026CBC /* EntriesListView.swift */ = {isa = PBXFileReference; lastKnownFileType = sourcecode.swift; path = EntriesListView.swift; sourceTree = "<group>"; };
		D7564FE82B0CF43C00026CBC /* AddEntryView.swift */ = {isa = PBXFileReference; lastKnownFileType = sourcecode.swift; path = AddEntryView.swift; sourceTree = "<group>"; };
		D7564FEA2B0CF4EF00026CBC /* MainView.swift */ = {isa = PBXFileReference; lastKnownFileType = sourcecode.swift; path = MainView.swift; sourceTree = "<group>"; };
		D7564FEC2B0CF6E100026CBC /* InsightsView.swift */ = {isa = PBXFileReference; lastKnownFileType = sourcecode.swift; path = InsightsView.swift; sourceTree = "<group>"; };
		D7564FEE2B0CF6F700026CBC /* BudgetsView.swift */ = {isa = PBXFileReference; lastKnownFileType = sourcecode.swift; path = BudgetsView.swift; sourceTree = "<group>"; };
		D7564FF02B0CF71500026CBC /* SettingsView.swift */ = {isa = PBXFileReference; lastKnownFileType = sourcecode.swift; path = SettingsView.swift; sourceTree = "<group>"; };
		D7564FF22B0D08C600026CBC /* EntryModel.swift */ = {isa = PBXFileReference; lastKnownFileType = sourcecode.swift; path = EntryModel.swift; sourceTree = "<group>"; };
		D7A017402B0ED28E00D32E4D /* EntriesSumView.swift */ = {isa = PBXFileReference; lastKnownFileType = sourcecode.swift; path = EntriesSumView.swift; sourceTree = "<group>"; };
/* End PBXFileReference section */

/* Begin PBXFrameworksBuildPhase section */
		D7564FD12B0CF24F00026CBC /* Frameworks */ = {
			isa = PBXFrameworksBuildPhase;
			buildActionMask = 2147483647;
			files = (
			);
			runOnlyForDeploymentPostprocessing = 0;
		};
/* End PBXFrameworksBuildPhase section */

/* Begin PBXGroup section */
		D7564FCB2B0CF24F00026CBC = {
			isa = PBXGroup;
			children = (
				D7564FD62B0CF24F00026CBC /* Budgeting-App */,
				D7564FD52B0CF24F00026CBC /* Products */,
			);
			sourceTree = "<group>";
		};
		D7564FD52B0CF24F00026CBC /* Products */ = {
			isa = PBXGroup;
			children = (
				D7564FD42B0CF24F00026CBC /* Budgeting-App.app */,
			);
			name = Products;
			sourceTree = "<group>";
		};
		D7564FD62B0CF24F00026CBC /* Budgeting-App */ = {
			isa = PBXGroup;
			children = (
				D7564FE52B0CF3AD00026CBC /* Info.plist */,
				D7564FD72B0CF24F00026CBC /* Budgeting_AppApp.swift */,
				D7564FD92B0CF24F00026CBC /* ContentView.swift */,
				D7564FEA2B0CF4EF00026CBC /* MainView.swift */,
				D7564FE62B0CF42E00026CBC /* EntriesListView.swift */,
				D7A017402B0ED28E00D32E4D /* EntriesSumView.swift */,
				D7564FF02B0CF71500026CBC /* SettingsView.swift */,
				D7564FEC2B0CF6E100026CBC /* InsightsView.swift */,
				D7564FEE2B0CF6F700026CBC /* BudgetsView.swift */,
				D7564FE82B0CF43C00026CBC /* AddEntryView.swift */,
				D7564FF42B0D092000026CBC /* Models */,
				D7564FDB2B0CF25000026CBC /* Assets.xcassets */,
				D7564FDD2B0CF25000026CBC /* Preview Content */,
			);
			path = "Budgeting-App";
			sourceTree = "<group>";
		};
		D7564FDD2B0CF25000026CBC /* Preview Content */ = {
			isa = PBXGroup;
			children = (
				D7564FDE2B0CF25000026CBC /* Preview Assets.xcassets */,
			);
			path = "Preview Content";
			sourceTree = "<group>";
		};
		D7564FF42B0D092000026CBC /* Models */ = {
			isa = PBXGroup;
			children = (
				D7564FF22B0D08C600026CBC /* EntryModel.swift */,
			);
			path = Models;
			sourceTree = "<group>";
		};
/* End PBXGroup section */

/* Begin PBXNativeTarget section */
		D7564FD32B0CF24F00026CBC /* Budgeting-App */ = {
			isa = PBXNativeTarget;
			buildConfigurationList = D7564FE22B0CF25000026CBC /* Build configuration list for PBXNativeTarget "Budgeting-App" */;
			buildPhases = (
				D7564FD02B0CF24F00026CBC /* Sources */,
				D7564FD12B0CF24F00026CBC /* Frameworks */,
				D7564FD22B0CF24F00026CBC /* Resources */,
			);
			buildRules = (
			);
			dependencies = (
			);
			name = "Budgeting-App";
			productName = "Budgeting-App";
			productReference = D7564FD42B0CF24F00026CBC /* Budgeting-App.app */;
			productType = "com.apple.product-type.application";
		};
/* End PBXNativeTarget section */

/* Begin PBXProject section */
		D7564FCC2B0CF24F00026CBC /* Project object */ = {
			isa = PBXProject;
			attributes = {
				BuildIndependentTargetsInParallel = 1;
				LastSwiftUpdateCheck = 1500;
				LastUpgradeCheck = 1500;
				TargetAttributes = {
					D7564FD32B0CF24F00026CBC = {
						CreatedOnToolsVersion = 15.0;
					};
				};
			};
			buildConfigurationList = D7564FCF2B0CF24F00026CBC /* Build configuration list for PBXProject "Budgeting-App" */;
			compatibilityVersion = "Xcode 14.0";
			developmentRegion = en;
			hasScannedForEncodings = 0;
			knownRegions = (
				en,
				Base,
			);
			mainGroup = D7564FCB2B0CF24F00026CBC;
			productRefGroup = D7564FD52B0CF24F00026CBC /* Products */;
			projectDirPath = "";
			projectRoot = "";
			targets = (
				D7564FD32B0CF24F00026CBC /* Budgeting-App */,
			);
		};
/* End PBXProject section */

/* Begin PBXResourcesBuildPhase section */
		D7564FD22B0CF24F00026CBC /* Resources */ = {
			isa = PBXResourcesBuildPhase;
			buildActionMask = 2147483647;
			files = (
				D7564FDF2B0CF25000026CBC /* Preview Assets.xcassets in Resources */,
				D7564FDC2B0CF25000026CBC /* Assets.xcassets in Resources */,
			);
			runOnlyForDeploymentPostprocessing = 0;
		};
/* End PBXResourcesBuildPhase section */

/* Begin PBXSourcesBuildPhase section */
		D7564FD02B0CF24F00026CBC /* Sources */ = {
			isa = PBXSourcesBuildPhase;
			buildActionMask = 2147483647;
			files = (
				D7564FF32B0D08C600026CBC /* EntryModel.swift in Sources */,
				D7564FEF2B0CF6F800026CBC /* BudgetsView.swift in Sources */,
				D7564FF12B0CF71500026CBC /* SettingsView.swift in Sources */,
				D7564FDA2B0CF24F00026CBC /* ContentView.swift in Sources */,
				D7564FE72B0CF42E00026CBC /* EntriesListView.swift in Sources */,
				D7564FD82B0CF24F00026CBC /* Budgeting_AppApp.swift in Sources */,
				D7564FED2B0CF6E100026CBC /* InsightsView.swift in Sources */,
				D7564FEB2B0CF4EF00026CBC /* MainView.swift in Sources */,
				D7564FE92B0CF43C00026CBC /* AddEntryView.swift in Sources */,
				D7A017412B0ED28E00D32E4D /* EntriesSumView.swift in Sources */,
			);
			runOnlyForDeploymentPostprocessing = 0;
		};
/* End PBXSourcesBuildPhase section */

/* Begin XCBuildConfiguration section */
		D7564FE02B0CF25000026CBC /* Debug */ = {
			isa = XCBuildConfiguration;
			buildSettings = {
				ALWAYS_SEARCH_USER_PATHS = NO;
				ASSETCATALOG_COMPILER_GENERATE_SWIFT_ASSET_SYMBOL_EXTENSIONS = YES;
				CLANG_ANALYZER_NONNULL = YES;
				CLANG_ANALYZER_NUMBER_OBJECT_CONVERSION = YES_AGGRESSIVE;
				CLANG_CXX_LANGUAGE_STANDARD = "gnu++20";
				CLANG_ENABLE_MODULES = YES;
				CLANG_ENABLE_OBJC_ARC = YES;
				CLANG_ENABLE_OBJC_WEAK = YES;
				CLANG_WARN_BLOCK_CAPTURE_AUTORELEASING = YES;
				CLANG_WARN_BOOL_CONVERSION = YES;
				CLANG_WARN_COMMA = YES;
				CLANG_WARN_CONSTANT_CONVERSION = YES;
				CLANG_WARN_DEPRECATED_OBJC_IMPLEMENTATIONS = YES;
				CLANG_WARN_DIRECT_OBJC_ISA_USAGE = YES_ERROR;
				CLANG_WARN_DOCUMENTATION_COMMENTS = YES;
				CLANG_WARN_EMPTY_BODY = YES;
				CLANG_WARN_ENUM_CONVERSION = YES;
				CLANG_WARN_INFINITE_RECURSION = YES;
				CLANG_WARN_INT_CONVERSION = YES;
				CLANG_WARN_NON_LITERAL_NULL_CONVERSION = YES;
				CLANG_WARN_OBJC_IMPLICIT_RETAIN_SELF = YES;
				CLANG_WARN_OBJC_LITERAL_CONVERSION = YES;
				CLANG_WARN_OBJC_ROOT_CLASS = YES_ERROR;
				CLANG_WARN_QUOTED_INCLUDE_IN_FRAMEWORK_HEADER = YES;
				CLANG_WARN_RANGE_LOOP_ANALYSIS = YES;
				CLANG_WARN_STRICT_PROTOTYPES = YES;
				CLANG_WARN_SUSPICIOUS_MOVE = YES;
				CLANG_WARN_UNGUARDED_AVAILABILITY = YES_AGGRESSIVE;
				CLANG_WARN_UNREACHABLE_CODE = YES;
				CLANG_WARN__DUPLICATE_METHOD_MATCH = YES;
				COPY_PHASE_STRIP = NO;
				DEBUG_INFORMATION_FORMAT = dwarf;
				ENABLE_STRICT_OBJC_MSGSEND = YES;
				ENABLE_TESTABILITY = YES;
				ENABLE_USER_SCRIPT_SANDBOXING = YES;
				GCC_C_LANGUAGE_STANDARD = gnu17;
				GCC_DYNAMIC_NO_PIC = NO;
				GCC_NO_COMMON_BLOCKS = YES;
				GCC_OPTIMIZATION_LEVEL = 0;
				GCC_PREPROCESSOR_DEFINITIONS = (
					"DEBUG=1",
					"$(inherited)",
				);
				GCC_WARN_64_TO_32_BIT_CONVERSION = YES;
				GCC_WARN_ABOUT_RETURN_TYPE = YES_ERROR;
				GCC_WARN_UNDECLARED_SELECTOR = YES;
				GCC_WARN_UNINITIALIZED_AUTOS = YES_AGGRESSIVE;
				GCC_WARN_UNUSED_FUNCTION = YES;
				GCC_WARN_UNUSED_VARIABLE = YES;
				IPHONEOS_DEPLOYMENT_TARGET = 17.0;
				LOCALIZATION_PREFERS_STRING_CATALOGS = YES;
				MTL_ENABLE_DEBUG_INFO = INCLUDE_SOURCE;
				MTL_FAST_MATH = YES;
				ONLY_ACTIVE_ARCH = YES;
				SDKROOT = iphoneos;
				SWIFT_ACTIVE_COMPILATION_CONDITIONS = "DEBUG $(inherited)";
				SWIFT_OPTIMIZATION_LEVEL = "-Onone";
			};
			name = Debug;
		};
		D7564FE12B0CF25000026CBC /* Release */ = {
			isa = XCBuildConfiguration;
			buildSettings = {
				ALWAYS_SEARCH_USER_PATHS = NO;
				ASSETCATALOG_COMPILER_GENERATE_SWIFT_ASSET_SYMBOL_EXTENSIONS = YES;
				CLANG_ANALYZER_NONNULL = YES;
				CLANG_ANALYZER_NUMBER_OBJECT_CONVERSION = YES_AGGRESSIVE;
				CLANG_CXX_LANGUAGE_STANDARD = "gnu++20";
				CLANG_ENABLE_MODULES = YES;
				CLANG_ENABLE_OBJC_ARC = YES;
				CLANG_ENABLE_OBJC_WEAK = YES;
				CLANG_WARN_BLOCK_CAPTURE_AUTORELEASING = YES;
				CLANG_WARN_BOOL_CONVERSION = YES;
				CLANG_WARN_COMMA = YES;
				CLANG_WARN_CONSTANT_CONVERSION = YES;
				CLANG_WARN_DEPRECATED_OBJC_IMPLEMENTATIONS = YES;
				CLANG_WARN_DIRECT_OBJC_ISA_USAGE = YES_ERROR;
				CLANG_WARN_DOCUMENTATION_COMMENTS = YES;
				CLANG_WARN_EMPTY_BODY = YES;
				CLANG_WARN_ENUM_CONVERSION = YES;
				CLANG_WARN_INFINITE_RECURSION = YES;
				CLANG_WARN_INT_CONVERSION = YES;
				CLANG_WARN_NON_LITERAL_NULL_CONVERSION = YES;
				CLANG_WARN_OBJC_IMPLICIT_RETAIN_SELF = YES;
				CLANG_WARN_OBJC_LITERAL_CONVERSION = YES;
				CLANG_WARN_OBJC_ROOT_CLASS = YES_ERROR;
				CLANG_WARN_QUOTED_INCLUDE_IN_FRAMEWORK_HEADER = YES;
				CLANG_WARN_RANGE_LOOP_ANALYSIS = YES;
				CLANG_WARN_STRICT_PROTOTYPES = YES;
				CLANG_WARN_SUSPICIOUS_MOVE = YES;
				CLANG_WARN_UNGUARDED_AVAILABILITY = YES_AGGRESSIVE;
				CLANG_WARN_UNREACHABLE_CODE = YES;
				CLANG_WARN__DUPLICATE_METHOD_MATCH = YES;
				COPY_PHASE_STRIP = NO;
				DEBUG_INFORMATION_FORMAT = "dwarf-with-dsym";
				ENABLE_NS_ASSERTIONS = NO;
				ENABLE_STRICT_OBJC_MSGSEND = YES;
				ENABLE_USER_SCRIPT_SANDBOXING = YES;
				GCC_C_LANGUAGE_STANDARD = gnu17;
				GCC_NO_COMMON_BLOCKS = YES;
				GCC_WARN_64_TO_32_BIT_CONVERSION = YES;
				GCC_WARN_ABOUT_RETURN_TYPE = YES_ERROR;
				GCC_WARN_UNDECLARED_SELECTOR = YES;
				GCC_WARN_UNINITIALIZED_AUTOS = YES_AGGRESSIVE;
				GCC_WARN_UNUSED_FUNCTION = YES;
				GCC_WARN_UNUSED_VARIABLE = YES;
				IPHONEOS_DEPLOYMENT_TARGET = 17.0;
				LOCALIZATION_PREFERS_STRING_CATALOGS = YES;
				MTL_ENABLE_DEBUG_INFO = NO;
				MTL_FAST_MATH = YES;
				SDKROOT = iphoneos;
				SWIFT_COMPILATION_MODE = wholemodule;
				VALIDATE_PRODUCT = YES;
			};
			name = Release;
		};
		D7564FE32B0CF25000026CBC /* Debug */ = {
			isa = XCBuildConfiguration;
			buildSettings = {
				ASSETCATALOG_COMPILER_APPICON_NAME = AppIcon;
				ASSETCATALOG_COMPILER_GLOBAL_ACCENT_COLOR_NAME = AccentColor;
				CODE_SIGN_STYLE = Automatic;
				CURRENT_PROJECT_VERSION = 1;
				DEVELOPMENT_ASSET_PATHS = "\"Budgeting-App/Preview Content\"";
				DEVELOPMENT_TEAM = U9JXWD2ZKD;
				ENABLE_PREVIEWS = YES;
				GENERATE_INFOPLIST_FILE = YES;
				INFOPLIST_FILE = "Budgeting-App/Info.plist";
				INFOPLIST_KEY_UIApplicationSceneManifest_Generation = YES;
				INFOPLIST_KEY_UIApplicationSupportsIndirectInputEvents = YES;
				INFOPLIST_KEY_UILaunchScreen_Generation = YES;
				INFOPLIST_KEY_UIStatusBarStyle = UIStatusBarStyleDarkContent;
				INFOPLIST_KEY_UISupportedInterfaceOrientations = UIInterfaceOrientationPortrait;
				INFOPLIST_KEY_UIUserInterfaceStyle = Dark;
				LD_RUNPATH_SEARCH_PATHS = (
					"$(inherited)",
					"@executable_path/Frameworks",
				);
				MARKETING_VERSION = 1.0;
				PRODUCT_BUNDLE_IDENTIFIER = "sashamorozov.com.Budgeting-App";
				PRODUCT_NAME = "$(TARGET_NAME)";
				SWIFT_EMIT_LOC_STRINGS = YES;
				SWIFT_VERSION = 5.0;
				TARGETED_DEVICE_FAMILY = "1,2";
			};
			name = Debug;
		};
		D7564FE42B0CF25000026CBC /* Release */ = {
			isa = XCBuildConfiguration;
			buildSettings = {
				ASSETCATALOG_COMPILER_APPICON_NAME = AppIcon;
				ASSETCATALOG_COMPILER_GLOBAL_ACCENT_COLOR_NAME = AccentColor;
				CODE_SIGN_STYLE = Automatic;
				CURRENT_PROJECT_VERSION = 1;
				DEVELOPMENT_ASSET_PATHS = "\"Budgeting-App/Preview Content\"";
				DEVELOPMENT_TEAM = U9JXWD2ZKD;
				ENABLE_PREVIEWS = YES;
				GENERATE_INFOPLIST_FILE = YES;
				INFOPLIST_FILE = "Budgeting-App/Info.plist";
				INFOPLIST_KEY_UIApplicationSceneManifest_Generation = YES;
				INFOPLIST_KEY_UIApplicationSupportsIndirectInputEvents = YES;
				INFOPLIST_KEY_UILaunchScreen_Generation = YES;
				INFOPLIST_KEY_UIStatusBarStyle = UIStatusBarStyleDarkContent;
				INFOPLIST_KEY_UISupportedInterfaceOrientations = UIInterfaceOrientationPortrait;
				INFOPLIST_KEY_UIUserInterfaceStyle = Dark;
				LD_RUNPATH_SEARCH_PATHS = (
					"$(inherited)",
					"@executable_path/Frameworks",
				);
				MARKETING_VERSION = 1.0;
				PRODUCT_BUNDLE_IDENTIFIER = "sashamorozov.com.Budgeting-App";
				PRODUCT_NAME = "$(TARGET_NAME)";
				SWIFT_EMIT_LOC_STRINGS = YES;
				SWIFT_VERSION = 5.0;
				TARGETED_DEVICE_FAMILY = "1,2";
			};
			name = Release;
		};
/* End XCBuildConfiguration section */

/* Begin XCConfigurationList section */
		D7564FCF2B0CF24F00026CBC /* Build configuration list for PBXProject "Budgeting-App" */ = {
			isa = XCConfigurationList;
			buildConfigurations = (
				D7564FE02B0CF25000026CBC /* Debug */,
				D7564FE12B0CF25000026CBC /* Release */,
			);
			defaultConfigurationIsVisible = 0;
			defaultConfigurationName = Release;
		};
		D7564FE22B0CF25000026CBC /* Build configuration list for PBXNativeTarget "Budgeting-App" */ = {
			isa = XCConfigurationList;
			buildConfigurations = (
				D7564FE32B0CF25000026CBC /* Debug */,
				D7564FE42B0CF25000026CBC /* Release */,
			);
			defaultConfigurationIsVisible = 0;
			defaultConfigurationName = Release;
		};
/* End XCConfigurationList section */
	};
	rootObject = D7564FCC2B0CF24F00026CBC /* Project object */;
}
